
Microsoft Visual Studio Solution File, Format Version 12.00
# Visual Studio Version 17
VisualStudioVersion = 17.12.35707.178
MinimumVisualStudioVersion = 10.0.40219.1
Project("{FAE04EC0-301F-11D3-BF4B-00C04F79EFBC}") = "Calculadora_3(WindForms)", "WinFormsApp1\Calculadora_3(WindForms).csproj", "{66DC7754-B7FC-43FB-8273-61C6BB0350DF}"
EndProject
Global
	GlobalSection(SolutionConfigurationPlatforms) = preSolution
		Debug|Any CPU = Debug|Any CPU
		Release|Any CPU = Release|Any CPU
	EndGlobalSection
	GlobalSection(ProjectConfigurationPlatforms) = postSolution
		{66DC7754-B7FC-43FB-8273-61C6BB0350DF}.Debug|Any CPU.ActiveCfg = Debug|Any CPU
		{66DC7754-B7FC-43FB-8273-61C6BB0350DF}.Debug|Any CPU.Build.0 = Debug|Any CPU
		{66DC7754-B7FC-43FB-8273-61C6BB0350DF}.Release|Any CPU.ActiveCfg = Release|Any CPU
		{66DC7754-B7FC-43FB-8273-61C6BB0350DF}.Release|Any CPU.Build.0 = Release|Any CPU
	EndGlobalSection
	GlobalSection(SolutionProperties) = preSolution
		HideSolutionNode = FALSE
	EndGlobalSection
EndGlobal
