
Microsoft Visual Studio Solution File, Format Version 12.00
# Visual Studio Version 17
VisualStudioVersion = 17.12.35707.178 d17.12
MinimumVisualStudioVersion = 10.0.40219.1
Project("{FAE04EC0-301F-11D3-BF4B-00C04F79EFBC}") = "Calculadora_1", "Calculadora_1\Calculadora_1.csproj", "{1F65B311-DE63-4173-802B-2705E800232B}"
EndProject
Global
	GlobalSection(SolutionConfigurationPlatforms) = preSolution
		Debug|Any CPU = Debug|Any CPU
		Release|Any CPU = Release|Any CPU
	EndGlobalSection
	GlobalSection(ProjectConfigurationPlatforms) = postSolution
		{1F65B311-DE63-4173-802B-2705E800232B}.Debug|Any CPU.ActiveCfg = Debug|Any CPU
		{1F65B311-DE63-4173-802B-2705E800232B}.Debug|Any CPU.Build.0 = Debug|Any CPU
		{1F65B311-DE63-4173-802B-2705E800232B}.Release|Any CPU.ActiveCfg = Release|Any CPU
		{1F65B311-DE63-4173-802B-2705E800232B}.Release|Any CPU.Build.0 = Release|Any CPU
	EndGlobalSection
	GlobalSection(SolutionProperties) = preSolution
		HideSolutionNode = FALSE
	EndGlobalSection
EndGlobal
